// !$*UTF8*$!
{
	archiveVersion = 1;
	classes = {
	};
	objectVersion = 50;
	objects = {

/* Begin PBXBuildFile section */
		64540E732587DE8200944F96 /* RenderStatusView.swift in Sources */ = {isa = PBXBuildFile; fileRef = 64540E722587DE8200944F96 /* RenderStatusView.swift */; };
		64663D252587101E00F056CA /* GlobalStorage.swift in Sources */ = {isa = PBXBuildFile; fileRef = 64663D242587101E00F056CA /* GlobalStorage.swift */; };
		64728BB1258541F3005F9CA5 /* WhatsAppApp.swift in Sources */ = {isa = PBXBuildFile; fileRef = 64728BB0258541F3005F9CA5 /* WhatsAppApp.swift */; };
		64728BB3258541F3005F9CA5 /* ContentView.swift in Sources */ = {isa = PBXBuildFile; fileRef = 64728BB2258541F3005F9CA5 /* ContentView.swift */; };
		64728BB5258541F5005F9CA5 /* Assets.xcassets in Resources */ = {isa = PBXBuildFile; fileRef = 64728BB4258541F5005F9CA5 /* Assets.xcassets */; };
		64728BB8258541F5005F9CA5 /* Preview Assets.xcassets in Resources */ = {isa = PBXBuildFile; fileRef = 64728BB7258541F5005F9CA5 /* Preview Assets.xcassets */; };
		64728BCE25869322005F9CA5 /* StatusView.swift in Sources */ = {isa = PBXBuildFile; fileRef = 64728BCD25869322005F9CA5 /* StatusView.swift */; };
		64BCF4CF2586AB16008B8FDA /* MyStatus.swift in Sources */ = {isa = PBXBuildFile; fileRef = 64BCF4CE2586AB16008B8FDA /* MyStatus.swift */; };
		64BCF4D22586BCA0008B8FDA /* AddStory.swift in Sources */ = {isa = PBXBuildFile; fileRef = 64BCF4D12586BCA0008B8FDA /* AddStory.swift */; };
		64BCF4D52586C915008B8FDA /* Stories.swift in Sources */ = {isa = PBXBuildFile; fileRef = 64BCF4D42586C915008B8FDA /* Stories.swift */; };
		7F98A5505344629999175232 /* Pods_WhatsApp.framework in Frameworks */ = {isa = PBXBuildFile; fileRef = 41297AAFB63C8DBDB24FD0D4 /* Pods_WhatsApp.framework */; };
/* End PBXBuildFile section */

/* Begin PBXFileReference section */
		41297AAFB63C8DBDB24FD0D4 /* Pods_WhatsApp.framework */ = {isa = PBXFileReference; explicitFileType = wrapper.framework; includeInIndex = 0; path = Pods_WhatsApp.framework; sourceTree = BUILT_PRODUCTS_DIR; };
		64540E722587DE8200944F96 /* RenderStatusView.swift */ = {isa = PBXFileReference; lastKnownFileType = sourcecode.swift; path = RenderStatusView.swift; sourceTree = "<group>"; };
		64663D242587101E00F056CA /* GlobalStorage.swift */ = {isa = PBXFileReference; lastKnownFileType = sourcecode.swift; path = GlobalStorage.swift; sourceTree = "<group>"; };
		64728BAD258541F3005F9CA5 /* WhatsApp.app */ = {isa = PBXFileReference; explicitFileType = wrapper.application; includeInIndex = 0; path = WhatsApp.app; sourceTree = BUILT_PRODUCTS_DIR; };
		64728BB0258541F3005F9CA5 /* WhatsAppApp.swift */ = {isa = PBXFileReference; lastKnownFileType = sourcecode.swift; path = WhatsAppApp.swift; sourceTree = "<group>"; };
		64728BB2258541F3005F9CA5 /* ContentView.swift */ = {isa = PBXFileReference; lastKnownFileType = sourcecode.swift; path = ContentView.swift; sourceTree = "<group>"; };
		64728BB4258541F5005F9CA5 /* Assets.xcassets */ = {isa = PBXFileReference; lastKnownFileType = folder.assetcatalog; path = Assets.xcassets; sourceTree = "<group>"; };
		64728BB7258541F5005F9CA5 /* Preview Assets.xcassets */ = {isa = PBXFileReference; lastKnownFileType = folder.assetcatalog; path = "Preview Assets.xcassets"; sourceTree = "<group>"; };
		64728BB9258541F5005F9CA5 /* Info.plist */ = {isa = PBXFileReference; lastKnownFileType = text.plist.xml; path = Info.plist; sourceTree = "<group>"; };
		64728BCD25869322005F9CA5 /* StatusView.swift */ = {isa = PBXFileReference; lastKnownFileType = sourcecode.swift; path = StatusView.swift; sourceTree = "<group>"; };
		64BCF4CE2586AB16008B8FDA /* MyStatus.swift */ = {isa = PBXFileReference; lastKnownFileType = sourcecode.swift; path = MyStatus.swift; sourceTree = "<group>"; };
		64BCF4D12586BCA0008B8FDA /* AddStory.swift */ = {isa = PBXFileReference; lastKnownFileType = sourcecode.swift; path = AddStory.swift; sourceTree = "<group>"; };
		64BCF4D42586C915008B8FDA /* Stories.swift */ = {isa = PBXFileReference; lastKnownFileType = sourcecode.swift; path = Stories.swift; sourceTree = "<group>"; };
		6E356EDA064C02C9BDCA48D2 /* Pods-WhatsApp.debug.xcconfig */ = {isa = PBXFileReference; includeInIndex = 1; lastKnownFileType = text.xcconfig; name = "Pods-WhatsApp.debug.xcconfig"; path = "Target Support Files/Pods-WhatsApp/Pods-WhatsApp.debug.xcconfig"; sourceTree = "<group>"; };
		BDD4906DC28647FD3AB9F1D8 /* Pods-WhatsApp.release.xcconfig */ = {isa = PBXFileReference; includeInIndex = 1; lastKnownFileType = text.xcconfig; name = "Pods-WhatsApp.release.xcconfig"; path = "Target Support Files/Pods-WhatsApp/Pods-WhatsApp.release.xcconfig"; sourceTree = "<group>"; };
/* End PBXFileReference section */

/* Begin PBXFrameworksBuildPhase section */
		64728BAA258541F3005F9CA5 /* Frameworks */ = {
			isa = PBXFrameworksBuildPhase;
			buildActionMask = 2147483647;
			files = (
				7F98A5505344629999175232 /* Pods_WhatsApp.framework in Frameworks */,
			);
			runOnlyForDeploymentPostprocessing = 0;
		};
/* End PBXFrameworksBuildPhase section */

/* Begin PBXGroup section */
		64663D2B2587407700F056CA /* Status */ = {
			isa = PBXGroup;
			children = (
				64BCF4CE2586AB16008B8FDA /* MyStatus.swift */,
				64BCF4D12586BCA0008B8FDA /* AddStory.swift */,
				64BCF4D42586C915008B8FDA /* Stories.swift */,
			);
			path = Status;
			sourceTree = "<group>";
		};
		64728BA4258541F3005F9CA5 = {
			isa = PBXGroup;
			children = (
				64728BAF258541F3005F9CA5 /* WhatsApp */,
				64728BAE258541F3005F9CA5 /* Products */,
				DCC905F5F757B0C46F7DB82A /* Pods */,
				C8FDEABECEDA73DBFA2D30E3 /* Frameworks */,
			);
			sourceTree = "<group>";
		};
		64728BAE258541F3005F9CA5 /* Products */ = {
			isa = PBXGroup;
			children = (
				64728BAD258541F3005F9CA5 /* WhatsApp.app */,
			);
			name = Products;
			sourceTree = "<group>";
		};
		64728BAF258541F3005F9CA5 /* WhatsApp */ = {
			isa = PBXGroup;
			children = (
				64BCF4C92586A9B0008B8FDA /* Components */,
				64728BC02585474C005F9CA5 /* Views */,
				64728BB0258541F3005F9CA5 /* WhatsAppApp.swift */,
				64728BB2258541F3005F9CA5 /* ContentView.swift */,
				64728BB4258541F5005F9CA5 /* Assets.xcassets */,
				64728BB9258541F5005F9CA5 /* Info.plist */,
				64728BB6258541F5005F9CA5 /* Preview Content */,
				64663D242587101E00F056CA /* GlobalStorage.swift */,
			);
			path = WhatsApp;
			sourceTree = "<group>";
		};
		64728BB6258541F5005F9CA5 /* Preview Content */ = {
			isa = PBXGroup;
			children = (
				64728BB7258541F5005F9CA5 /* Preview Assets.xcassets */,
			);
			path = "Preview Content";
			sourceTree = "<group>";
		};
		64728BC02585474C005F9CA5 /* Views */ = {
			isa = PBXGroup;
			children = (
				64728BCD25869322005F9CA5 /* StatusView.swift */,
				64540E722587DE8200944F96 /* RenderStatusView.swift */,
			);
			path = Views;
			sourceTree = "<group>";
		};
		64BCF4C92586A9B0008B8FDA /* Components */ = {
			isa = PBXGroup;
			children = (
				64663D2B2587407700F056CA /* Status */,
			);
			path = Components;
			sourceTree = "<group>";
		};
		C8FDEABECEDA73DBFA2D30E3 /* Frameworks */ = {
			isa = PBXGroup;
			children = (
				41297AAFB63C8DBDB24FD0D4 /* Pods_WhatsApp.framework */,
			);
			name = Frameworks;
			sourceTree = "<group>";
		};
		DCC905F5F757B0C46F7DB82A /* Pods */ = {
			isa = PBXGroup;
			children = (
				6E356EDA064C02C9BDCA48D2 /* Pods-WhatsApp.debug.xcconfig */,
				BDD4906DC28647FD3AB9F1D8 /* Pods-WhatsApp.release.xcconfig */,
			);
			path = Pods;
			sourceTree = "<group>";
		};
/* End PBXGroup section */

/* Begin PBXNativeTarget section */
		64728BAC258541F3005F9CA5 /* WhatsApp */ = {
			isa = PBXNativeTarget;
			buildConfigurationList = 64728BBC258541F5005F9CA5 /* Build configuration list for PBXNativeTarget "WhatsApp" */;
			buildPhases = (
				A67D6049F752E9B6A122F745 /* [CP] Check Pods Manifest.lock */,
				64728BA9258541F3005F9CA5 /* Sources */,
				64728BAA258541F3005F9CA5 /* Frameworks */,
				64728BAB258541F3005F9CA5 /* Resources */,
			);
			buildRules = (
			);
			dependencies = (
			);
			name = WhatsApp;
			productName = WhatsApp;
			productReference = 64728BAD258541F3005F9CA5 /* WhatsApp.app */;
			productType = "com.apple.product-type.application";
		};
/* End PBXNativeTarget section */

/* Begin PBXProject section */
		64728BA5258541F3005F9CA5 /* Project object */ = {
			isa = PBXProject;
			attributes = {
				LastSwiftUpdateCheck = 1220;
				LastUpgradeCheck = 1220;
				TargetAttributes = {
					64728BAC258541F3005F9CA5 = {
						CreatedOnToolsVersion = 12.2;
					};
				};
			};
			buildConfigurationList = 64728BA8258541F3005F9CA5 /* Build configuration list for PBXProject "WhatsApp" */;
			compatibilityVersion = "Xcode 9.3";
			developmentRegion = en;
			hasScannedForEncodings = 0;
			knownRegions = (
				en,
				Base,
			);
			mainGroup = 64728BA4258541F3005F9CA5;
			productRefGroup = 64728BAE258541F3005F9CA5 /* Products */;
			projectDirPath = "";
			projectRoot = "";
			targets = (
				64728BAC258541F3005F9CA5 /* WhatsApp */,
			);
		};
/* End PBXProject section */

/* Begin PBXResourcesBuildPhase section */
		64728BAB258541F3005F9CA5 /* Resources */ = {
			isa = PBXResourcesBuildPhase;
			buildActionMask = 2147483647;
			files = (
				64728BB8258541F5005F9CA5 /* Preview Assets.xcassets in Resources */,
				64728BB5258541F5005F9CA5 /* Assets.xcassets in Resources */,
			);
			runOnlyForDeploymentPostprocessing = 0;
		};
/* End PBXResourcesBuildPhase section */

/* Begin PBXShellScriptBuildPhase section */
		A67D6049F752E9B6A122F745 /* [CP] Check Pods Manifest.lock */ = {
			isa = PBXShellScriptBuildPhase;
			buildActionMask = 2147483647;
			files = (
			);
			inputFileListPaths = (
			);
			inputPaths = (
				"${PODS_PODFILE_DIR_PATH}/Podfile.lock",
				"${PODS_ROOT}/Manifest.lock",
			);
			name = "[CP] Check Pods Manifest.lock";
			outputFileListPaths = (
			);
			outputPaths = (
				"$(DERIVED_FILE_DIR)/Pods-WhatsApp-checkManifestLockResult.txt",
			);
			runOnlyForDeploymentPostprocessing = 0;
			shellPath = /bin/sh;
			shellScript = "diff \"${PODS_PODFILE_DIR_PATH}/Podfile.lock\" \"${PODS_ROOT}/Manifest.lock\" > /dev/null\nif [ $? != 0 ] ; then\n    # print error to STDERR\n    echo \"error: The sandbox is not in sync with the Podfile.lock. Run 'pod install' or update your CocoaPods installation.\" >&2\n    exit 1\nfi\n# This output is used by Xcode 'outputs' to avoid re-running this script phase.\necho \"SUCCESS\" > \"${SCRIPT_OUTPUT_FILE_0}\"\n";
			showEnvVarsInLog = 0;
		};
/* End PBXShellScriptBuildPhase section */

/* Begin PBXSourcesBuildPhase section */
		64728BA9258541F3005F9CA5 /* Sources */ = {
			isa = PBXSourcesBuildPhase;
			buildActionMask = 2147483647;
			files = (
				64540E732587DE8200944F96 /* RenderStatusView.swift in Sources */,
				64728BB3258541F3005F9CA5 /* ContentView.swift in Sources */,
				64728BB1258541F3005F9CA5 /* WhatsAppApp.swift in Sources */,
				64BCF4CF2586AB16008B8FDA /* MyStatus.swift in Sources */,
				64663D252587101E00F056CA /* GlobalStorage.swift in Sources */,
				64728BCE25869322005F9CA5 /* StatusView.swift in Sources */,
				64BCF4D22586BCA0008B8FDA /* AddStory.swift in Sources */,
				64BCF4D52586C915008B8FDA /* Stories.swift in Sources */,
			);
			runOnlyForDeploymentPostprocessing = 0;
		};
/* End PBXSourcesBuildPhase section */

/* Begin XCBuildConfiguration section */
		64728BBA258541F5005F9CA5 /* Debug */ = {
			isa = XCBuildConfiguration;
			buildSettings = {
				ALWAYS_SEARCH_USER_PATHS = NO;
				CLANG_ANALYZER_NONNULL = YES;
				CLANG_ANALYZER_NUMBER_OBJECT_CONVERSION = YES_AGGRESSIVE;
				CLANG_CXX_LANGUAGE_STANDARD = "gnu++14";
				CLANG_CXX_LIBRARY = "libc++";
				CLANG_ENABLE_MODULES = YES;
				CLANG_ENABLE_OBJC_ARC = YES;
				CLANG_ENABLE_OBJC_WEAK = YES;
				CLANG_WARN_BLOCK_CAPTURE_AUTORELEASING = YES;
				CLANG_WARN_BOOL_CONVERSION = YES;
				CLANG_WARN_COMMA = YES;
				CLANG_WARN_CONSTANT_CONVERSION = YES;
				CLANG_WARN_DEPRECATED_OBJC_IMPLEMENTATIONS = YES;
				CLANG_WARN_DIRECT_OBJC_ISA_USAGE = YES_ERROR;
				CLANG_WARN_DOCUMENTATION_COMMENTS = YES;
				CLANG_WARN_EMPTY_BODY = YES;
				CLANG_WARN_ENUM_CONVERSION = YES;
				CLANG_WARN_INFINITE_RECURSION = YES;
				CLANG_WARN_INT_CONVERSION = YES;
				CLANG_WARN_NON_LITERAL_NULL_CONVERSION = YES;
				CLANG_WARN_OBJC_IMPLICIT_RETAIN_SELF = YES;
				CLANG_WARN_OBJC_LITERAL_CONVERSION = YES;
				CLANG_WARN_OBJC_ROOT_CLASS = YES_ERROR;
				CLANG_WARN_QUOTED_INCLUDE_IN_FRAMEWORK_HEADER = YES;
				CLANG_WARN_RANGE_LOOP_ANALYSIS = YES;
				CLANG_WARN_STRICT_PROTOTYPES = YES;
				CLANG_WARN_SUSPICIOUS_MOVE = YES;
				CLANG_WARN_UNGUARDED_AVAILABILITY = YES_AGGRESSIVE;
				CLANG_WARN_UNREACHABLE_CODE = YES;
				CLANG_WARN__DUPLICATE_METHOD_MATCH = YES;
				COPY_PHASE_STRIP = NO;
				DEBUG_INFORMATION_FORMAT = dwarf;
				ENABLE_STRICT_OBJC_MSGSEND = YES;
				ENABLE_TESTABILITY = YES;
				GCC_C_LANGUAGE_STANDARD = gnu11;
				GCC_DYNAMIC_NO_PIC = NO;
				GCC_NO_COMMON_BLOCKS = YES;
				GCC_OPTIMIZATION_LEVEL = 0;
				GCC_PREPROCESSOR_DEFINITIONS = (
					"DEBUG=1",
					"$(inherited)",
				);
				GCC_WARN_64_TO_32_BIT_CONVERSION = YES;
				GCC_WARN_ABOUT_RETURN_TYPE = YES_ERROR;
				GCC_WARN_UNDECLARED_SELECTOR = YES;
				GCC_WARN_UNINITIALIZED_AUTOS = YES_AGGRESSIVE;
				GCC_WARN_UNUSED_FUNCTION = YES;
				GCC_WARN_UNUSED_VARIABLE = YES;
				IPHONEOS_DEPLOYMENT_TARGET = 14.2;
				MTL_ENABLE_DEBUG_INFO = INCLUDE_SOURCE;
				MTL_FAST_MATH = YES;
				ONLY_ACTIVE_ARCH = YES;
				SDKROOT = iphoneos;
				SWIFT_ACTIVE_COMPILATION_CONDITIONS = DEBUG;
				SWIFT_OPTIMIZATION_LEVEL = "-Onone";
			};
			name = Debug;
		};
		64728BBB258541F5005F9CA5 /* Release */ = {
			isa = XCBuildConfiguration;
			buildSettings = {
				ALWAYS_SEARCH_USER_PATHS = NO;
				CLANG_ANALYZER_NONNULL = YES;
				CLANG_ANALYZER_NUMBER_OBJECT_CONVERSION = YES_AGGRESSIVE;
				CLANG_CXX_LANGUAGE_STANDARD = "gnu++14";
				CLANG_CXX_LIBRARY = "libc++";
				CLANG_ENABLE_MODULES = YES;
				CLANG_ENABLE_OBJC_ARC = YES;
				CLANG_ENABLE_OBJC_WEAK = YES;
				CLANG_WARN_BLOCK_CAPTURE_AUTORELEASING = YES;
				CLANG_WARN_BOOL_CONVERSION = YES;
				CLANG_WARN_COMMA = YES;
				CLANG_WARN_CONSTANT_CONVERSION = YES;
				CLANG_WARN_DEPRECATED_OBJC_IMPLEMENTATIONS = YES;
				CLANG_WARN_DIRECT_OBJC_ISA_USAGE = YES_ERROR;
				CLANG_WARN_DOCUMENTATION_COMMENTS = YES;
				CLANG_WARN_EMPTY_BODY = YES;
				CLANG_WARN_ENUM_CONVERSION = YES;
				CLANG_WARN_INFINITE_RECURSION = YES;
				CLANG_WARN_INT_CONVERSION = YES;
				CLANG_WARN_NON_LITERAL_NULL_CONVERSION = YES;
				CLANG_WARN_OBJC_IMPLICIT_RETAIN_SELF = YES;
				CLANG_WARN_OBJC_LITERAL_CONVERSION = YES;
				CLANG_WARN_OBJC_ROOT_CLASS = YES_ERROR;
				CLANG_WARN_QUOTED_INCLUDE_IN_FRAMEWORK_HEADER = YES;
				CLANG_WARN_RANGE_LOOP_ANALYSIS = YES;
				CLANG_WARN_STRICT_PROTOTYPES = YES;
				CLANG_WARN_SUSPICIOUS_MOVE = YES;
				CLANG_WARN_UNGUARDED_AVAILABILITY = YES_AGGRESSIVE;
				CLANG_WARN_UNREACHABLE_CODE = YES;
				CLANG_WARN__DUPLICATE_METHOD_MATCH = YES;
				COPY_PHASE_STRIP = NO;
				DEBUG_INFORMATION_FORMAT = "dwarf-with-dsym";
				ENABLE_NS_ASSERTIONS = NO;
				ENABLE_STRICT_OBJC_MSGSEND = YES;
				GCC_C_LANGUAGE_STANDARD = gnu11;
				GCC_NO_COMMON_BLOCKS = YES;
				GCC_WARN_64_TO_32_BIT_CONVERSION = YES;
				GCC_WARN_ABOUT_RETURN_TYPE = YES_ERROR;
				GCC_WARN_UNDECLARED_SELECTOR = YES;
				GCC_WARN_UNINITIALIZED_AUTOS = YES_AGGRESSIVE;
				GCC_WARN_UNUSED_FUNCTION = YES;
				GCC_WARN_UNUSED_VARIABLE = YES;
				IPHONEOS_DEPLOYMENT_TARGET = 14.2;
				MTL_ENABLE_DEBUG_INFO = NO;
				MTL_FAST_MATH = YES;
				SDKROOT = iphoneos;
				SWIFT_COMPILATION_MODE = wholemodule;
				SWIFT_OPTIMIZATION_LEVEL = "-O";
				VALIDATE_PRODUCT = YES;
			};
			name = Release;
		};
		64728BBD258541F5005F9CA5 /* Debug */ = {
			isa = XCBuildConfiguration;
			baseConfigurationReference = 6E356EDA064C02C9BDCA48D2 /* Pods-WhatsApp.debug.xcconfig */;
			buildSettings = {
				ASSETCATALOG_COMPILER_APPICON_NAME = AppIcon;
				ASSETCATALOG_COMPILER_GLOBAL_ACCENT_COLOR_NAME = AccentColor;
				CODE_SIGN_STYLE = Automatic;
				DEVELOPMENT_ASSET_PATHS = "\"WhatsApp/Preview Content\"";
				DEVELOPMENT_TEAM = QYTMGGLSQ3;
				ENABLE_PREVIEWS = YES;
				INFOPLIST_FILE = WhatsApp/Info.plist;
				IPHONEOS_DEPLOYMENT_TARGET = 14.0;
				LD_RUNPATH_SEARCH_PATHS = (
					"$(inherited)",
					"@executable_path/Frameworks",
				);
				PRODUCT_BUNDLE_IDENTIFIER = com.anton.app.WhatsApp;
				PRODUCT_NAME = "$(TARGET_NAME)";
				SWIFT_VERSION = 5.0;
				TARGETED_DEVICE_FAMILY = "1,2";
			};
			name = Debug;
		};
		64728BBE258541F5005F9CA5 /* Release */ = {
			isa = XCBuildConfiguration;
			baseConfigurationReference = BDD4906DC28647FD3AB9F1D8 /* Pods-WhatsApp.release.xcconfig */;
			buildSettings = {
				ASSETCATALOG_COMPILER_APPICON_NAME = AppIcon;
				ASSETCATALOG_COMPILER_GLOBAL_ACCENT_COLOR_NAME = AccentColor;
				CODE_SIGN_STYLE = Automatic;
				DEVELOPMENT_ASSET_PATHS = "\"WhatsApp/Preview Content\"";
				DEVELOPMENT_TEAM = QYTMGGLSQ3;
				ENABLE_PREVIEWS = YES;
				INFOPLIST_FILE = WhatsApp/Info.plist;
				IPHONEOS_DEPLOYMENT_TARGET = 14.0;
				LD_RUNPATH_SEARCH_PATHS = (
					"$(inherited)",
					"@executable_path/Frameworks",
				);
				PRODUCT_BUNDLE_IDENTIFIER = com.anton.app.WhatsApp;
				PRODUCT_NAME = "$(TARGET_NAME)";
				SWIFT_VERSION = 5.0;
				TARGETED_DEVICE_FAMILY = "1,2";
			};
			name = Release;
		};
/* End XCBuildConfiguration section */

/* Begin XCConfigurationList section */
		64728BA8258541F3005F9CA5 /* Build configuration list for PBXProject "WhatsApp" */ = {
			isa = XCConfigurationList;
			buildConfigurations = (
				64728BBA258541F5005F9CA5 /* Debug */,
				64728BBB258541F5005F9CA5 /* Release */,
			);
			defaultConfigurationIsVisible = 0;
			defaultConfigurationName = Release;
		};
		64728BBC258541F5005F9CA5 /* Build configuration list for PBXNativeTarget "WhatsApp" */ = {
			isa = XCConfigurationList;
			buildConfigurations = (
				64728BBD258541F5005F9CA5 /* Debug */,
				64728BBE258541F5005F9CA5 /* Release */,
			);
			defaultConfigurationIsVisible = 0;
			defaultConfigurationName = Release;
		};
/* End XCConfigurationList section */
	};
	rootObject = 64728BA5258541F3005F9CA5 /* Project object */;
}
